// !$*UTF8*$!
{
	archiveVersion = 1;
	classes = {
	};
	objectVersion = 46;
	objects = {

/* Begin PBXBuildFile section */
		F604D15318992A1C00038365 /* Foundation.framework in Frameworks */ = {isa = PBXBuildFile; fileRef = F604D15218992A1C00038365 /* Foundation.framework */; };
		F604D15518992A1C00038365 /* CoreGraphics.framework in Frameworks */ = {isa = PBXBuildFile; fileRef = F604D15418992A1C00038365 /* CoreGraphics.framework */; };
		F604D15718992A1C00038365 /* UIKit.framework in Frameworks */ = {isa = PBXBuildFile; fileRef = F604D15618992A1C00038365 /* UIKit.framework */; };
		F604D15D18992A1C00038365 /* InfoPlist.strings in Resources */ = {isa = PBXBuildFile; fileRef = F604D15B18992A1C00038365 /* InfoPlist.strings */; };
		F604D15F18992A1C00038365 /* main.m in Sources */ = {isa = PBXBuildFile; fileRef = F604D15E18992A1C00038365 /* main.m */; };
		F604D16318992A1C00038365 /* AppDelegate.m in Sources */ = {isa = PBXBuildFile; fileRef = F604D16218992A1C00038365 /* AppDelegate.m */; };
		F604D16518992A1C00038365 /* Images.xcassets in Resources */ = {isa = PBXBuildFile; fileRef = F604D16418992A1C00038365 /* Images.xcassets */; };
		F604D16C18992A1C00038365 /* XCTest.framework in Frameworks */ = {isa = PBXBuildFile; fileRef = F604D16B18992A1C00038365 /* XCTest.framework */; };
		F604D16D18992A1C00038365 /* Foundation.framework in Frameworks */ = {isa = PBXBuildFile; fileRef = F604D15218992A1C00038365 /* Foundation.framework */; };
		F604D16E18992A1C00038365 /* UIKit.framework in Frameworks */ = {isa = PBXBuildFile; fileRef = F604D15618992A1C00038365 /* UIKit.framework */; };
		F604D17618992A1C00038365 /* InfoPlist.strings in Resources */ = {isa = PBXBuildFile; fileRef = F604D17418992A1C00038365 /* InfoPlist.strings */; };
		F604D17818992A1C00038365 /* ConciergeTests.m in Sources */ = {isa = PBXBuildFile; fileRef = F604D17718992A1C00038365 /* ConciergeTests.m */; };
		F604D18218992A3D00038365 /* iPhoneStoryboard.storyboard in Resources */ = {isa = PBXBuildFile; fileRef = F604D18118992A3D00038365 /* iPhoneStoryboard.storyboard */; };
		F604D18518992D1200038365 /* Model.m in Sources */ = {isa = PBXBuildFile; fileRef = F604D18418992D1200038365 /* Model.m */; };
		F60E5C6518992F8100B2ACD6 /* Table.m in Sources */ = {isa = PBXBuildFile; fileRef = F60E5C6418992F8100B2ACD6 /* Table.m */; };
		F60E5C6918992FAB00B2ACD6 /* Restaurant.m in Sources */ = {isa = PBXBuildFile; fileRef = F60E5C6818992FAB00B2ACD6 /* Restaurant.m */; };
		F60E5C6C18992FC900B2ACD6 /* Reservation.m in Sources */ = {isa = PBXBuildFile; fileRef = F60E5C6B18992FC900B2ACD6 /* Reservation.m */; };
		F60E5C6F18992FD500B2ACD6 /* User.m in Sources */ = {isa = PBXBuildFile; fileRef = F60E5C6E18992FD500B2ACD6 /* User.m */; };
		F69A70A9189BCB4A0008F122 /* RestaurantVC.m in Sources */ = {isa = PBXBuildFile; fileRef = F69A70A8189BCB4A0008F122 /* RestaurantVC.m */; };
		F69A70AC189BCBEC0008F122 /* KeyboardVC.m in Sources */ = {isa = PBXBuildFile; fileRef = F69A70AB189BCBEC0008F122 /* KeyboardVC.m */; };
		F69A70AF189BCF530008F122 /* EditMapVC.m in Sources */ = {isa = PBXBuildFile; fileRef = F69A70AE189BCF530008F122 /* EditMapVC.m */; };
		F69A70B2189BCF650008F122 /* TableMapVC.m in Sources */ = {isa = PBXBuildFile; fileRef = F69A70B1189BCF650008F122 /* TableMapVC.m */; };
		F69A70B6189BD02A0008F122 /* hotel_floor.jpg in Resources */ = {isa = PBXBuildFile; fileRef = F69A70B4189BD02A0008F122 /* hotel_floor.jpg */; };
		F69A70B7189BD02A0008F122 /* sphere.png in Resources */ = {isa = PBXBuildFile; fileRef = F69A70B5189BD02A0008F122 /* sphere.png */; };
		F69A70B9189BDAC90008F122 /* restaurant_plan.jpg in Resources */ = {isa = PBXBuildFile; fileRef = F69A70B8189BDAC90008F122 /* restaurant_plan.jpg */; };
/* End PBXBuildFile section */

/* Begin PBXContainerItemProxy section */
		F604D16F18992A1C00038365 /* PBXContainerItemProxy */ = {
			isa = PBXContainerItemProxy;
			containerPortal = F604D14718992A1C00038365 /* Project object */;
			proxyType = 1;
			remoteGlobalIDString = F604D14E18992A1C00038365;
			remoteInfo = Concierge;
		};
/* End PBXContainerItemProxy section */

/* Begin PBXFileReference section */
		F604D14F18992A1C00038365 /* Concierge.app */ = {isa = PBXFileReference; explicitFileType = wrapper.application; includeInIndex = 0; path = Concierge.app; sourceTree = BUILT_PRODUCTS_DIR; };
		F604D15218992A1C00038365 /* Foundation.framework */ = {isa = PBXFileReference; lastKnownFileType = wrapper.framework; name = Foundation.framework; path = System/Library/Frameworks/Foundation.framework; sourceTree = SDKROOT; };
		F604D15418992A1C00038365 /* CoreGraphics.framework */ = {isa = PBXFileReference; lastKnownFileType = wrapper.framework; name = CoreGraphics.framework; path = System/Library/Frameworks/CoreGraphics.framework; sourceTree = SDKROOT; };
		F604D15618992A1C00038365 /* UIKit.framework */ = {isa = PBXFileReference; lastKnownFileType = wrapper.framework; name = UIKit.framework; path = System/Library/Frameworks/UIKit.framework; sourceTree = SDKROOT; };
		F604D15A18992A1C00038365 /* Concierge-Info.plist */ = {isa = PBXFileReference; lastKnownFileType = text.plist.xml; path = "Concierge-Info.plist"; sourceTree = "<group>"; };
		F604D15C18992A1C00038365 /* en */ = {isa = PBXFileReference; lastKnownFileType = text.plist.strings; name = en; path = en.lproj/InfoPlist.strings; sourceTree = "<group>"; };
		F604D15E18992A1C00038365 /* main.m */ = {isa = PBXFileReference; lastKnownFileType = sourcecode.c.objc; path = main.m; sourceTree = "<group>"; };
		F604D16018992A1C00038365 /* Concierge-Prefix.pch */ = {isa = PBXFileReference; lastKnownFileType = sourcecode.c.h; path = "Concierge-Prefix.pch"; sourceTree = "<group>"; };
		F604D16118992A1C00038365 /* AppDelegate.h */ = {isa = PBXFileReference; lastKnownFileType = sourcecode.c.h; path = AppDelegate.h; sourceTree = "<group>"; };
		F604D16218992A1C00038365 /* AppDelegate.m */ = {isa = PBXFileReference; lastKnownFileType = sourcecode.c.objc; path = AppDelegate.m; sourceTree = "<group>"; };
		F604D16418992A1C00038365 /* Images.xcassets */ = {isa = PBXFileReference; lastKnownFileType = folder.assetcatalog; path = Images.xcassets; sourceTree = "<group>"; };
		F604D16A18992A1C00038365 /* ConciergeTests.xctest */ = {isa = PBXFileReference; explicitFileType = wrapper.cfbundle; includeInIndex = 0; path = ConciergeTests.xctest; sourceTree = BUILT_PRODUCTS_DIR; };
		F604D16B18992A1C00038365 /* XCTest.framework */ = {isa = PBXFileReference; lastKnownFileType = wrapper.framework; name = XCTest.framework; path = Library/Frameworks/XCTest.framework; sourceTree = DEVELOPER_DIR; };
		F604D17318992A1C00038365 /* ConciergeTests-Info.plist */ = {isa = PBXFileReference; lastKnownFileType = text.plist.xml; path = "ConciergeTests-Info.plist"; sourceTree = "<group>"; };
		F604D17518992A1C00038365 /* en */ = {isa = PBXFileReference; lastKnownFileType = text.plist.strings; name = en; path = en.lproj/InfoPlist.strings; sourceTree = "<group>"; };
		F604D17718992A1C00038365 /* ConciergeTests.m */ = {isa = PBXFileReference; lastKnownFileType = sourcecode.c.objc; path = ConciergeTests.m; sourceTree = "<group>"; };
		F604D18118992A3D00038365 /* iPhoneStoryboard.storyboard */ = {isa = PBXFileReference; fileEncoding = 4; lastKnownFileType = file.storyboard; path = iPhoneStoryboard.storyboard; sourceTree = "<group>"; };
		F604D18318992D1200038365 /* Model.h */ = {isa = PBXFileReference; fileEncoding = 4; lastKnownFileType = sourcecode.c.h; path = Model.h; sourceTree = "<group>"; };
		F604D18418992D1200038365 /* Model.m */ = {isa = PBXFileReference; fileEncoding = 4; lastKnownFileType = sourcecode.c.objc; path = Model.m; sourceTree = "<group>"; };
		F60E5C6318992F8100B2ACD6 /* Table.h */ = {isa = PBXFileReference; fileEncoding = 4; lastKnownFileType = sourcecode.c.h; path = Table.h; sourceTree = "<group>"; };
		F60E5C6418992F8100B2ACD6 /* Table.m */ = {isa = PBXFileReference; fileEncoding = 4; lastKnownFileType = sourcecode.c.objc; path = Table.m; sourceTree = "<group>"; };
		F60E5C6718992FAB00B2ACD6 /* Restaurant.h */ = {isa = PBXFileReference; fileEncoding = 4; lastKnownFileType = sourcecode.c.h; path = Restaurant.h; sourceTree = "<group>"; };
		F60E5C6818992FAB00B2ACD6 /* Restaurant.m */ = {isa = PBXFileReference; fileEncoding = 4; lastKnownFileType = sourcecode.c.objc; path = Restaurant.m; sourceTree = "<group>"; };
		F60E5C6A18992FC900B2ACD6 /* Reservation.h */ = {isa = PBXFileReference; fileEncoding = 4; lastKnownFileType = sourcecode.c.h; path = Reservation.h; sourceTree = "<group>"; };
		F60E5C6B18992FC900B2ACD6 /* Reservation.m */ = {isa = PBXFileReference; fileEncoding = 4; lastKnownFileType = sourcecode.c.objc; path = Reservation.m; sourceTree = "<group>"; };
		F60E5C6D18992FD500B2ACD6 /* User.h */ = {isa = PBXFileReference; fileEncoding = 4; lastKnownFileType = sourcecode.c.h; path = User.h; sourceTree = "<group>"; };
		F60E5C6E18992FD500B2ACD6 /* User.m */ = {isa = PBXFileReference; fileEncoding = 4; lastKnownFileType = sourcecode.c.objc; path = User.m; sourceTree = "<group>"; };
		F69A70A7189BCB4A0008F122 /* RestaurantVC.h */ = {isa = PBXFileReference; fileEncoding = 4; lastKnownFileType = sourcecode.c.h; path = RestaurantVC.h; sourceTree = "<group>"; };
		F69A70A8189BCB4A0008F122 /* RestaurantVC.m */ = {isa = PBXFileReference; fileEncoding = 4; lastKnownFileType = sourcecode.c.objc; path = RestaurantVC.m; sourceTree = "<group>"; };
		F69A70AA189BCBEC0008F122 /* KeyboardVC.h */ = {isa = PBXFileReference; fileEncoding = 4; lastKnownFileType = sourcecode.c.h; path = KeyboardVC.h; sourceTree = "<group>"; };
		F69A70AB189BCBEC0008F122 /* KeyboardVC.m */ = {isa = PBXFileReference; fileEncoding = 4; lastKnownFileType = sourcecode.c.objc; path = KeyboardVC.m; sourceTree = "<group>"; };
		F69A70AD189BCF530008F122 /* EditMapVC.h */ = {isa = PBXFileReference; fileEncoding = 4; lastKnownFileType = sourcecode.c.h; path = EditMapVC.h; sourceTree = "<group>"; };
		F69A70AE189BCF530008F122 /* EditMapVC.m */ = {isa = PBXFileReference; fileEncoding = 4; lastKnownFileType = sourcecode.c.objc; path = EditMapVC.m; sourceTree = "<group>"; };
		F69A70B0189BCF650008F122 /* TableMapVC.h */ = {isa = PBXFileReference; fileEncoding = 4; lastKnownFileType = sourcecode.c.h; path = TableMapVC.h; sourceTree = "<group>"; };
		F69A70B1189BCF650008F122 /* TableMapVC.m */ = {isa = PBXFileReference; fileEncoding = 4; lastKnownFileType = sourcecode.c.objc; path = TableMapVC.m; sourceTree = "<group>"; };
		F69A70B4189BD02A0008F122 /* hotel_floor.jpg */ = {isa = PBXFileReference; lastKnownFileType = image.jpeg; path = hotel_floor.jpg; sourceTree = "<group>"; };
		F69A70B5189BD02A0008F122 /* sphere.png */ = {isa = PBXFileReference; lastKnownFileType = image.png; path = sphere.png; sourceTree = "<group>"; };
		F69A70B8189BDAC90008F122 /* restaurant_plan.jpg */ = {isa = PBXFileReference; lastKnownFileType = image.jpeg; path = restaurant_plan.jpg; sourceTree = "<group>"; };
/* End PBXFileReference section */

/* Begin PBXFrameworksBuildPhase section */
		F604D14C18992A1C00038365 /* Frameworks */ = {
			isa = PBXFrameworksBuildPhase;
			buildActionMask = 2147483647;
			files = (
				F604D15518992A1C00038365 /* CoreGraphics.framework in Frameworks */,
				F604D15718992A1C00038365 /* UIKit.framework in Frameworks */,
				F604D15318992A1C00038365 /* Foundation.framework in Frameworks */,
			);
			runOnlyForDeploymentPostprocessing = 0;
		};
		F604D16718992A1C00038365 /* Frameworks */ = {
			isa = PBXFrameworksBuildPhase;
			buildActionMask = 2147483647;
			files = (
				F604D16C18992A1C00038365 /* XCTest.framework in Frameworks */,
				F604D16E18992A1C00038365 /* UIKit.framework in Frameworks */,
				F604D16D18992A1C00038365 /* Foundation.framework in Frameworks */,
			);
			runOnlyForDeploymentPostprocessing = 0;
		};
/* End PBXFrameworksBuildPhase section */

/* Begin PBXGroup section */
		F604D14618992A1C00038365 = {
			isa = PBXGroup;
			children = (
				F604D15818992A1C00038365 /* Concierge */,
				F604D17118992A1C00038365 /* ConciergeTests */,
				F604D15118992A1C00038365 /* Frameworks */,
				F604D15018992A1C00038365 /* Products */,
			);
			sourceTree = "<group>";
		};
		F604D15018992A1C00038365 /* Products */ = {
			isa = PBXGroup;
			children = (
				F604D14F18992A1C00038365 /* Concierge.app */,
				F604D16A18992A1C00038365 /* ConciergeTests.xctest */,
			);
			name = Products;
			sourceTree = "<group>";
		};
		F604D15118992A1C00038365 /* Frameworks */ = {
			isa = PBXGroup;
			children = (
				F604D15218992A1C00038365 /* Foundation.framework */,
				F604D15418992A1C00038365 /* CoreGraphics.framework */,
				F604D15618992A1C00038365 /* UIKit.framework */,
				F604D16B18992A1C00038365 /* XCTest.framework */,
			);
			name = Frameworks;
			sourceTree = "<group>";
		};
		F604D15818992A1C00038365 /* Concierge */ = {
			isa = PBXGroup;
			children = (
				F69A70B3189BCFFF0008F122 /* Extras */,
				F69A70A6189BCB1C0008F122 /* Control */,
				F60E5C6618992F8900B2ACD6 /* Model */,
				F604D15918992A1C00038365 /* Supporting Files */,
				F604D16118992A1C00038365 /* AppDelegate.h */,
				F604D16218992A1C00038365 /* AppDelegate.m */,
				F604D18118992A3D00038365 /* iPhoneStoryboard.storyboard */,
				F604D16418992A1C00038365 /* Images.xcassets */,
			);
			path = Concierge;
			sourceTree = "<group>";
		};
		F604D15918992A1C00038365 /* Supporting Files */ = {
			isa = PBXGroup;
			children = (
				F604D15A18992A1C00038365 /* Concierge-Info.plist */,
				F604D15B18992A1C00038365 /* InfoPlist.strings */,
				F604D15E18992A1C00038365 /* main.m */,
				F604D16018992A1C00038365 /* Concierge-Prefix.pch */,
			);
			name = "Supporting Files";
			sourceTree = "<group>";
		};
		F604D17118992A1C00038365 /* ConciergeTests */ = {
			isa = PBXGroup;
			children = (
				F604D17718992A1C00038365 /* ConciergeTests.m */,
				F604D17218992A1C00038365 /* Supporting Files */,
			);
			path = ConciergeTests;
			sourceTree = "<group>";
		};
		F604D17218992A1C00038365 /* Supporting Files */ = {
			isa = PBXGroup;
			children = (
				F604D17318992A1C00038365 /* ConciergeTests-Info.plist */,
				F604D17418992A1C00038365 /* InfoPlist.strings */,
			);
			name = "Supporting Files";
			sourceTree = "<group>";
		};
		F60E5C6618992F8900B2ACD6 /* Model */ = {
			isa = PBXGroup;
			children = (
				F604D18318992D1200038365 /* Model.h */,
				F604D18418992D1200038365 /* Model.m */,
				F60E5C6318992F8100B2ACD6 /* Table.h */,
				F60E5C6418992F8100B2ACD6 /* Table.m */,
				F60E5C6718992FAB00B2ACD6 /* Restaurant.h */,
				F60E5C6818992FAB00B2ACD6 /* Restaurant.m */,
				F60E5C6A18992FC900B2ACD6 /* Reservation.h */,
				F60E5C6B18992FC900B2ACD6 /* Reservation.m */,
				F60E5C6D18992FD500B2ACD6 /* User.h */,
				F60E5C6E18992FD500B2ACD6 /* User.m */,
			);
			name = Model;
			sourceTree = "<group>";
		};
		F69A70A6189BCB1C0008F122 /* Control */ = {
			isa = PBXGroup;
			children = (
				F69A70A7189BCB4A0008F122 /* RestaurantVC.h */,
				F69A70A8189BCB4A0008F122 /* RestaurantVC.m */,
				F69A70AA189BCBEC0008F122 /* KeyboardVC.h */,
				F69A70AB189BCBEC0008F122 /* KeyboardVC.m */,
				F69A70AD189BCF530008F122 /* EditMapVC.h */,
				F69A70AE189BCF530008F122 /* EditMapVC.m */,
				F69A70B0189BCF650008F122 /* TableMapVC.h */,
				F69A70B1189BCF650008F122 /* TableMapVC.m */,
			);
			name = Control;
			sourceTree = "<group>";
		};
		F69A70B3189BCFFF0008F122 /* Extras */ = {
			isa = PBXGroup;
			children = (
				F69A70B8189BDAC90008F122 /* restaurant_plan.jpg */,
				F69A70B4189BD02A0008F122 /* hotel_floor.jpg */,
				F69A70B5189BD02A0008F122 /* sphere.png */,
			);
			name = Extras;
			sourceTree = "<group>";
		};
/* End PBXGroup section */

/* Begin PBXNativeTarget section */
		F604D14E18992A1C00038365 /* Concierge */ = {
			isa = PBXNativeTarget;
			buildConfigurationList = F604D17B18992A1C00038365 /* Build configuration list for PBXNativeTarget "Concierge" */;
			buildPhases = (
				F604D14B18992A1C00038365 /* Sources */,
				F604D14C18992A1C00038365 /* Frameworks */,
				F604D14D18992A1C00038365 /* Resources */,
			);
			buildRules = (
			);
			dependencies = (
			);
			name = Concierge;
			productName = Concierge;
			productReference = F604D14F18992A1C00038365 /* Concierge.app */;
			productType = "com.apple.product-type.application";
		};
		F604D16918992A1C00038365 /* ConciergeTests */ = {
			isa = PBXNativeTarget;
			buildConfigurationList = F604D17E18992A1C00038365 /* Build configuration list for PBXNativeTarget "ConciergeTests" */;
			buildPhases = (
				F604D16618992A1C00038365 /* Sources */,
				F604D16718992A1C00038365 /* Frameworks */,
				F604D16818992A1C00038365 /* Resources */,
			);
			buildRules = (
			);
			dependencies = (
				F604D17018992A1C00038365 /* PBXTargetDependency */,
			);
			name = ConciergeTests;
			productName = ConciergeTests;
			productReference = F604D16A18992A1C00038365 /* ConciergeTests.xctest */;
			productType = "com.apple.product-type.bundle.unit-test";
		};
/* End PBXNativeTarget section */

/* Begin PBXProject section */
		F604D14718992A1C00038365 /* Project object */ = {
			isa = PBXProject;
			attributes = {
				LastUpgradeCheck = 0500;
				ORGANIZATIONNAME = Pathfinders;
				TargetAttributes = {
					F604D16918992A1C00038365 = {
						TestTargetID = F604D14E18992A1C00038365;
					};
				};
			};
			buildConfigurationList = F604D14A18992A1C00038365 /* Build configuration list for PBXProject "Concierge" */;
			compatibilityVersion = "Xcode 3.2";
			developmentRegion = English;
			hasScannedForEncodings = 0;
			knownRegions = (
				en,
			);
			mainGroup = F604D14618992A1C00038365;
			productRefGroup = F604D15018992A1C00038365 /* Products */;
			projectDirPath = "";
			projectRoot = "";
			targets = (
				F604D14E18992A1C00038365 /* Concierge */,
				F604D16918992A1C00038365 /* ConciergeTests */,
			);
		};
/* End PBXProject section */

/* Begin PBXResourcesBuildPhase section */
		F604D14D18992A1C00038365 /* Resources */ = {
			isa = PBXResourcesBuildPhase;
			buildActionMask = 2147483647;
			files = (
				F604D15D18992A1C00038365 /* InfoPlist.strings in Resources */,
				F69A70B9189BDAC90008F122 /* restaurant_plan.jpg in Resources */,
				F604D16518992A1C00038365 /* Images.xcassets in Resources */,
				F604D18218992A3D00038365 /* iPhoneStoryboard.storyboard in Resources */,
				F69A70B6189BD02A0008F122 /* hotel_floor.jpg in Resources */,
				F69A70B7189BD02A0008F122 /* sphere.png in Resources */,
			);
			runOnlyForDeploymentPostprocessing = 0;
		};
		F604D16818992A1C00038365 /* Resources */ = {
			isa = PBXResourcesBuildPhase;
			buildActionMask = 2147483647;
			files = (
				F604D17618992A1C00038365 /* InfoPlist.strings in Resources */,
			);
			runOnlyForDeploymentPostprocessing = 0;
		};
/* End PBXResourcesBuildPhase section */

/* Begin PBXSourcesBuildPhase section */
		F604D14B18992A1C00038365 /* Sources */ = {
			isa = PBXSourcesBuildPhase;
			buildActionMask = 2147483647;
			files = (
				F60E5C6C18992FC900B2ACD6 /* Reservation.m in Sources */,
				F60E5C6F18992FD500B2ACD6 /* User.m in Sources */,
				F604D18518992D1200038365 /* Model.m in Sources */,
				F69A70A9189BCB4A0008F122 /* RestaurantVC.m in Sources */,
				F60E5C6918992FAB00B2ACD6 /* Restaurant.m in Sources */,
				F69A70AC189BCBEC0008F122 /* KeyboardVC.m in Sources */,
				F604D16318992A1C00038365 /* AppDelegate.m in Sources */,
				F69A70AF189BCF530008F122 /* EditMapVC.m in Sources */,
				F60E5C6518992F8100B2ACD6 /* Table.m in Sources */,
				F69A70B2189BCF650008F122 /* TableMapVC.m in Sources */,
				F604D15F18992A1C00038365 /* main.m in Sources */,
			);
			runOnlyForDeploymentPostprocessing = 0;
		};
		F604D16618992A1C00038365 /* Sources */ = {
			isa = PBXSourcesBuildPhase;
			buildActionMask = 2147483647;
			files = (
				F604D17818992A1C00038365 /* ConciergeTests.m in Sources */,
			);
			runOnlyForDeploymentPostprocessing = 0;
		};
/* End PBXSourcesBuildPhase section */

/* Begin PBXTargetDependency section */
		F604D17018992A1C00038365 /* PBXTargetDependency */ = {
			isa = PBXTargetDependency;
			target = F604D14E18992A1C00038365 /* Concierge */;
			targetProxy = F604D16F18992A1C00038365 /* PBXContainerItemProxy */;
		};
/* End PBXTargetDependency section */

/* Begin PBXVariantGroup section */
		F604D15B18992A1C00038365 /* InfoPlist.strings */ = {
			isa = PBXVariantGroup;
			children = (
				F604D15C18992A1C00038365 /* en */,
			);
			name = InfoPlist.strings;
			sourceTree = "<group>";
		};
		F604D17418992A1C00038365 /* InfoPlist.strings */ = {
			isa = PBXVariantGroup;
			children = (
				F604D17518992A1C00038365 /* en */,
			);
			name = InfoPlist.strings;
			sourceTree = "<group>";
		};
/* End PBXVariantGroup section */

/* Begin XCBuildConfiguration section */
		F604D17918992A1C00038365 /* Debug */ = {
			isa = XCBuildConfiguration;
			buildSettings = {
				ALWAYS_SEARCH_USER_PATHS = NO;
				ARCHS = "$(ARCHS_STANDARD_INCLUDING_64_BIT)";
				CLANG_CXX_LANGUAGE_STANDARD = "gnu++0x";
				CLANG_CXX_LIBRARY = "libc++";
				CLANG_ENABLE_MODULES = YES;
				CLANG_ENABLE_OBJC_ARC = YES;
				CLANG_WARN_BOOL_CONVERSION = YES;
				CLANG_WARN_CONSTANT_CONVERSION = YES;
				CLANG_WARN_DIRECT_OBJC_ISA_USAGE = YES_ERROR;
				CLANG_WARN_EMPTY_BODY = YES;
				CLANG_WARN_ENUM_CONVERSION = YES;
				CLANG_WARN_INT_CONVERSION = YES;
				CLANG_WARN_OBJC_ROOT_CLASS = YES_ERROR;
				CLANG_WARN__DUPLICATE_METHOD_MATCH = YES;
				"CODE_SIGN_IDENTITY[sdk=iphoneos*]" = "iPhone Developer";
				COPY_PHASE_STRIP = NO;
				GCC_C_LANGUAGE_STANDARD = gnu99;
				GCC_DYNAMIC_NO_PIC = NO;
				GCC_OPTIMIZATION_LEVEL = 0;
				GCC_PREPROCESSOR_DEFINITIONS = (
					"DEBUG=1",
					"$(inherited)",
				);
				GCC_SYMBOLS_PRIVATE_EXTERN = NO;
				GCC_WARN_64_TO_32_BIT_CONVERSION = YES;
				GCC_WARN_ABOUT_RETURN_TYPE = YES_ERROR;
				GCC_WARN_UNDECLARED_SELECTOR = YES;
				GCC_WARN_UNINITIALIZED_AUTOS = YES;
				GCC_WARN_UNUSED_FUNCTION = YES;
				GCC_WARN_UNUSED_VARIABLE = YES;
				IPHONEOS_DEPLOYMENT_TARGET = 7.0;
				ONLY_ACTIVE_ARCH = YES;
				SDKROOT = iphoneos;
			};
			name = Debug;
		};
		F604D17A18992A1C00038365 /* Release */ = {
			isa = XCBuildConfiguration;
			buildSettings = {
				ALWAYS_SEARCH_USER_PATHS = NO;
				ARCHS = "$(ARCHS_STANDARD_INCLUDING_64_BIT)";
				CLANG_CXX_LANGUAGE_STANDARD = "gnu++0x";
				CLANG_CXX_LIBRARY = "libc++";
				CLANG_ENABLE_MODULES = YES;
				CLANG_ENABLE_OBJC_ARC = YES;
				CLANG_WARN_BOOL_CONVERSION = YES;
				CLANG_WARN_CONSTANT_CONVERSION = YES;
				CLANG_WARN_DIRECT_OBJC_ISA_USAGE = YES_ERROR;
				CLANG_WARN_EMPTY_BODY = YES;
				CLANG_WARN_ENUM_CONVERSION = YES;
				CLANG_WARN_INT_CONVERSION = YES;
				CLANG_WARN_OBJC_ROOT_CLASS = YES_ERROR;
				CLANG_WARN__DUPLICATE_METHOD_MATCH = YES;
				"CODE_SIGN_IDENTITY[sdk=iphoneos*]" = "iPhone Developer";
				COPY_PHASE_STRIP = YES;
				ENABLE_NS_ASSERTIONS = NO;
				GCC_C_LANGUAGE_STANDARD = gnu99;
				GCC_WARN_64_TO_32_BIT_CONVERSION = YES;
				GCC_WARN_ABOUT_RETURN_TYPE = YES_ERROR;
				GCC_WARN_UNDECLARED_SELECTOR = YES;
				GCC_WARN_UNINITIALIZED_AUTOS = YES;
				GCC_WARN_UNUSED_FUNCTION = YES;
				GCC_WARN_UNUSED_VARIABLE = YES;
				IPHONEOS_DEPLOYMENT_TARGET = 7.0;
				SDKROOT = iphoneos;
				VALIDATE_PRODUCT = YES;
			};
			name = Release;
		};
		F604D17C18992A1C00038365 /* Debug */ = {
			isa = XCBuildConfiguration;
			buildSettings = {
				ASSETCATALOG_COMPILER_APPICON_NAME = AppIcon;
				ASSETCATALOG_COMPILER_LAUNCHIMAGE_NAME = LaunchImage;
				GCC_PRECOMPILE_PREFIX_HEADER = YES;
				GCC_PREFIX_HEADER = "Concierge/Concierge-Prefix.pch";
				INFOPLIST_FILE = "Concierge/Concierge-Info.plist";
				PRODUCT_NAME = "$(TARGET_NAME)";
				WRAPPER_EXTENSION = app;
			};
			name = Debug;
		};
		F604D17D18992A1C00038365 /* Release */ = {
			isa = XCBuildConfiguration;
			buildSettings = {
				ASSETCATALOG_COMPILER_APPICON_NAME = AppIcon;
				ASSETCATALOG_COMPILER_LAUNCHIMAGE_NAME = LaunchImage;
				GCC_PRECOMPILE_PREFIX_HEADER = YES;
				GCC_PREFIX_HEADER = "Concierge/Concierge-Prefix.pch";
				INFOPLIST_FILE = "Concierge/Concierge-Info.plist";
				PRODUCT_NAME = "$(TARGET_NAME)";
				WRAPPER_EXTENSION = app;
			};
			name = Release;
		};
		F604D17F18992A1C00038365 /* Debug */ = {
			isa = XCBuildConfiguration;
			buildSettings = {
				ARCHS = "$(ARCHS_STANDARD_INCLUDING_64_BIT)";
				BUNDLE_LOADER = "$(BUILT_PRODUCTS_DIR)/Concierge.app/Concierge";
				FRAMEWORK_SEARCH_PATHS = (
					"$(SDKROOT)/Developer/Library/Frameworks",
					"$(inherited)",
					"$(DEVELOPER_FRAMEWORKS_DIR)",
				);
				GCC_PRECOMPILE_PREFIX_HEADER = YES;
				GCC_PREFIX_HEADER = "Concierge/Concierge-Prefix.pch";
				GCC_PREPROCESSOR_DEFINITIONS = (
					"DEBUG=1",
					"$(inherited)",
				);
				INFOPLIST_FILE = "ConciergeTests/ConciergeTests-Info.plist";
				PRODUCT_NAME = "$(TARGET_NAME)";
				TEST_HOST = "$(BUNDLE_LOADER)";
				WRAPPER_EXTENSION = xctest;
			};
			name = Debug;
		};
		F604D18018992A1C00038365 /* Release */ = {
			isa = XCBuildConfiguration;
			buildSettings = {
				ARCHS = "$(ARCHS_STANDARD_INCLUDING_64_BIT)";
				BUNDLE_LOADER = "$(BUILT_PRODUCTS_DIR)/Concierge.app/Concierge";
				FRAMEWORK_SEARCH_PATHS = (
					"$(SDKROOT)/Developer/Library/Frameworks",
					"$(inherited)",
					"$(DEVELOPER_FRAMEWORKS_DIR)",
				);
				GCC_PRECOMPILE_PREFIX_HEADER = YES;
				GCC_PREFIX_HEADER = "Concierge/Concierge-Prefix.pch";
				INFOPLIST_FILE = "ConciergeTests/ConciergeTests-Info.plist";
				PRODUCT_NAME = "$(TARGET_NAME)";
				TEST_HOST = "$(BUNDLE_LOADER)";
				WRAPPER_EXTENSION = xctest;
			};
			name = Release;
		};
/* End XCBuildConfiguration section */

/* Begin XCConfigurationList section */
		F604D14A18992A1C00038365 /* Build configuration list for PBXProject "Concierge" */ = {
			isa = XCConfigurationList;
			buildConfigurations = (
				F604D17918992A1C00038365 /* Debug */,
				F604D17A18992A1C00038365 /* Release */,
			);
			defaultConfigurationIsVisible = 0;
			defaultConfigurationName = Release;
		};
		F604D17B18992A1C00038365 /* Build configuration list for PBXNativeTarget "Concierge" */ = {
			isa = XCConfigurationList;
			buildConfigurations = (
				F604D17C18992A1C00038365 /* Debug */,
				F604D17D18992A1C00038365 /* Release */,
			);
			defaultConfigurationIsVisible = 0;
			defaultConfigurationName = Release;
		};
		F604D17E18992A1C00038365 /* Build configuration list for PBXNativeTarget "ConciergeTests" */ = {
			isa = XCConfigurationList;
			buildConfigurations = (
				F604D17F18992A1C00038365 /* Debug */,
				F604D18018992A1C00038365 /* Release */,
			);
			defaultConfigurationIsVisible = 0;
			defaultConfigurationName = Release;
		};
/* End XCConfigurationList section */
	};
	rootObject = F604D14718992A1C00038365 /* Project object */;
}
